// !$*UTF8*$!
{
	archiveVersion = 1;
	classes = {
	};
	objectVersion = 55;
	objects = {

/* Begin PBXBuildFile section */
		F481836327F4041800169014 /* Singleton.m in Sources */ = {isa = PBXBuildFile; fileRef = F481836227F4041800169014 /* Singleton.m */; };
		F4F1018227D0D2CE00B9CEC0 /* AppDelegate.m in Sources */ = {isa = PBXBuildFile; fileRef = F4F1018127D0D2CE00B9CEC0 /* AppDelegate.m */; };
		F4F1018527D0D2CE00B9CEC0 /* SceneDelegate.m in Sources */ = {isa = PBXBuildFile; fileRef = F4F1018427D0D2CE00B9CEC0 /* SceneDelegate.m */; };
		F4F1018827D0D2CE00B9CEC0 /* ViewController.m in Sources */ = {isa = PBXBuildFile; fileRef = F4F1018727D0D2CE00B9CEC0 /* ViewController.m */; };
		F4F1018B27D0D2CE00B9CEC0 /* Main.storyboard in Resources */ = {isa = PBXBuildFile; fileRef = F4F1018927D0D2CE00B9CEC0 /* Main.storyboard */; };
		F4F1018D27D0D2D400B9CEC0 /* Assets.xcassets in Resources */ = {isa = PBXBuildFile; fileRef = F4F1018C27D0D2D400B9CEC0 /* Assets.xcassets */; };
		F4F1019027D0D2D400B9CEC0 /* LaunchScreen.storyboard in Resources */ = {isa = PBXBuildFile; fileRef = F4F1018E27D0D2D400B9CEC0 /* LaunchScreen.storyboard */; };
		F4F1019327D0D2D400B9CEC0 /* main.m in Sources */ = {isa = PBXBuildFile; fileRef = F4F1019227D0D2D400B9CEC0 /* main.m */; };
		F4F101A027D0D4C500B9CEC0 /* Person.m in Sources */ = {isa = PBXBuildFile; fileRef = F4F1019F27D0D4C500B9CEC0 /* Person.m */; };
		F4F101A327D0D4F100B9CEC0 /* Child.m in Sources */ = {isa = PBXBuildFile; fileRef = F4F101A227D0D4F100B9CEC0 /* Child.m */; };
		F4F101A627D0D84600B9CEC0 /* Son.m in Sources */ = {isa = PBXBuildFile; fileRef = F4F101A527D0D84600B9CEC0 /* Son.m */; };
/* End PBXBuildFile section */

/* Begin PBXFileReference section */
		F481836127F4041800169014 /* Singleton.h */ = {isa = PBXFileReference; lastKnownFileType = sourcecode.c.h; path = Singleton.h; sourceTree = "<group>"; };
		F481836227F4041800169014 /* Singleton.m */ = {isa = PBXFileReference; lastKnownFileType = sourcecode.c.objc; path = Singleton.m; sourceTree = "<group>"; };
		F4F1017D27D0D2CE00B9CEC0 /* Test.app */ = {isa = PBXFileReference; explicitFileType = wrapper.application; includeInIndex = 0; path = Test.app; sourceTree = BUILT_PRODUCTS_DIR; };
		F4F1018027D0D2CE00B9CEC0 /* AppDelegate.h */ = {isa = PBXFileReference; lastKnownFileType = sourcecode.c.h; path = AppDelegate.h; sourceTree = "<group>"; };
		F4F1018127D0D2CE00B9CEC0 /* AppDelegate.m */ = {isa = PBXFileReference; lastKnownFileType = sourcecode.c.objc; path = AppDelegate.m; sourceTree = "<group>"; };
		F4F1018327D0D2CE00B9CEC0 /* SceneDelegate.h */ = {isa = PBXFileReference; lastKnownFileType = sourcecode.c.h; path = SceneDelegate.h; sourceTree = "<group>"; };
		F4F1018427D0D2CE00B9CEC0 /* SceneDelegate.m */ = {isa = PBXFileReference; lastKnownFileType = sourcecode.c.objc; path = SceneDelegate.m; sourceTree = "<group>"; };
		F4F1018627D0D2CE00B9CEC0 /* ViewController.h */ = {isa = PBXFileReference; lastKnownFileType = sourcecode.c.h; path = ViewController.h; sourceTree = "<group>"; };
		F4F1018727D0D2CE00B9CEC0 /* ViewController.m */ = {isa = PBXFileReference; lastKnownFileType = sourcecode.c.objc; path = ViewController.m; sourceTree = "<group>"; };
		F4F1018A27D0D2CE00B9CEC0 /* Base */ = {isa = PBXFileReference; lastKnownFileType = file.storyboard; name = Base; path = Base.lproj/Main.storyboard; sourceTree = "<group>"; };
		F4F1018C27D0D2D400B9CEC0 /* Assets.xcassets */ = {isa = PBXFileReference; lastKnownFileType = folder.assetcatalog; path = Assets.xcassets; sourceTree = "<group>"; };
		F4F1018F27D0D2D400B9CEC0 /* Base */ = {isa = PBXFileReference; lastKnownFileType = file.storyboard; name = Base; path = Base.lproj/LaunchScreen.storyboard; sourceTree = "<group>"; };
		F4F1019127D0D2D400B9CEC0 /* Info.plist */ = {isa = PBXFileReference; lastKnownFileType = text.plist.xml; path = Info.plist; sourceTree = "<group>"; };
		F4F1019227D0D2D400B9CEC0 /* main.m */ = {isa = PBXFileReference; lastKnownFileType = sourcecode.c.objc; path = main.m; sourceTree = "<group>"; };
		F4F1019E27D0D4C500B9CEC0 /* Person.h */ = {isa = PBXFileReference; lastKnownFileType = sourcecode.c.h; path = Person.h; sourceTree = "<group>"; };
		F4F1019F27D0D4C500B9CEC0 /* Person.m */ = {isa = PBXFileReference; lastKnownFileType = sourcecode.c.objc; path = Person.m; sourceTree = "<group>"; };
		F4F101A127D0D4F100B9CEC0 /* Child.h */ = {isa = PBXFileReference; lastKnownFileType = sourcecode.c.h; path = Child.h; sourceTree = "<group>"; };
		F4F101A227D0D4F100B9CEC0 /* Child.m */ = {isa = PBXFileReference; lastKnownFileType = sourcecode.c.objc; path = Child.m; sourceTree = "<group>"; };
		F4F101A427D0D84600B9CEC0 /* Son.h */ = {isa = PBXFileReference; lastKnownFileType = sourcecode.c.h; path = Son.h; sourceTree = "<group>"; };
		F4F101A527D0D84600B9CEC0 /* Son.m */ = {isa = PBXFileReference; lastKnownFileType = sourcecode.c.objc; path = Son.m; sourceTree = "<group>"; };
/* End PBXFileReference section */

/* Begin PBXFrameworksBuildPhase section */
		F4F1017A27D0D2CE00B9CEC0 /* Frameworks */ = {
			isa = PBXFrameworksBuildPhase;
			buildActionMask = 2147483647;
			files = (
			);
			runOnlyForDeploymentPostprocessing = 0;
		};
/* End PBXFrameworksBuildPhase section */

/* Begin PBXGroup section */
		F4F1017427D0D2CE00B9CEC0 = {
			isa = PBXGroup;
			children = (
				F4F1017F27D0D2CE00B9CEC0 /* Test */,
				F4F1017E27D0D2CE00B9CEC0 /* Products */,
			);
			sourceTree = "<group>";
		};
		F4F1017E27D0D2CE00B9CEC0 /* Products */ = {
			isa = PBXGroup;
			children = (
				F4F1017D27D0D2CE00B9CEC0 /* Test.app */,
			);
			name = Products;
			sourceTree = "<group>";
		};
		F4F1017F27D0D2CE00B9CEC0 /* Test */ = {
			isa = PBXGroup;
			children = (
				F4F1018027D0D2CE00B9CEC0 /* AppDelegate.h */,
				F4F1018127D0D2CE00B9CEC0 /* AppDelegate.m */,
				F4F1018327D0D2CE00B9CEC0 /* SceneDelegate.h */,
				F4F1018427D0D2CE00B9CEC0 /* SceneDelegate.m */,
				F4F1018627D0D2CE00B9CEC0 /* ViewController.h */,
				F4F1018727D0D2CE00B9CEC0 /* ViewController.m */,
				F4F1018927D0D2CE00B9CEC0 /* Main.storyboard */,
				F4F1018C27D0D2D400B9CEC0 /* Assets.xcassets */,
				F4F1018E27D0D2D400B9CEC0 /* LaunchScreen.storyboard */,
				F4F1019127D0D2D400B9CEC0 /* Info.plist */,
				F4F1019227D0D2D400B9CEC0 /* main.m */,
				F4F1019E27D0D4C500B9CEC0 /* Person.h */,
				F4F1019F27D0D4C500B9CEC0 /* Person.m */,
				F4F101A127D0D4F100B9CEC0 /* Child.h */,
				F4F101A227D0D4F100B9CEC0 /* Child.m */,
				F4F101A427D0D84600B9CEC0 /* Son.h */,
				F4F101A527D0D84600B9CEC0 /* Son.m */,
				F481836127F4041800169014 /* Singleton.h */,
				F481836227F4041800169014 /* Singleton.m */,
			);
			path = Test;
			sourceTree = "<group>";
		};
/* End PBXGroup section */

/* Begin PBXNativeTarget section */
		F4F1017C27D0D2CE00B9CEC0 /* Test */ = {
			isa = PBXNativeTarget;
			buildConfigurationList = F4F1019627D0D2D400B9CEC0 /* Build configuration list for PBXNativeTarget "Test" */;
			buildPhases = (
				F4F1017927D0D2CE00B9CEC0 /* Sources */,
				F4F1017A27D0D2CE00B9CEC0 /* Frameworks */,
				F4F1017B27D0D2CE00B9CEC0 /* Resources */,
			);
			buildRules = (
			);
			dependencies = (
			);
			name = Test;
			productName = Test;
			productReference = F4F1017D27D0D2CE00B9CEC0 /* Test.app */;
			productType = "com.apple.product-type.application";
		};
/* End PBXNativeTarget section */

/* Begin PBXProject section */
		F4F1017527D0D2CE00B9CEC0 /* Project object */ = {
			isa = PBXProject;
			attributes = {
				BuildIndependentTargetsInParallel = 1;
				LastUpgradeCheck = 1300;
				TargetAttributes = {
					F4F1017C27D0D2CE00B9CEC0 = {
						CreatedOnToolsVersion = 13.0;
					};
				};
			};
			buildConfigurationList = F4F1017827D0D2CE00B9CEC0 /* Build configuration list for PBXProject "Test" */;
			compatibilityVersion = "Xcode 13.0";
			developmentRegion = en;
			hasScannedForEncodings = 0;
			knownRegions = (
				en,
				Base,
			);
			mainGroup = F4F1017427D0D2CE00B9CEC0;
			productRefGroup = F4F1017E27D0D2CE00B9CEC0 /* Products */;
			projectDirPath = "";
			projectRoot = "";
			targets = (
				F4F1017C27D0D2CE00B9CEC0 /* Test */,
			);
		};
/* End PBXProject section */

/* Begin PBXResourcesBuildPhase section */
		F4F1017B27D0D2CE00B9CEC0 /* Resources */ = {
			isa = PBXResourcesBuildPhase;
			buildActionMask = 2147483647;
			files = (
				F4F1019027D0D2D400B9CEC0 /* LaunchScreen.storyboard in Resources */,
				F4F1018D27D0D2D400B9CEC0 /* Assets.xcassets in Resources */,
				F4F1018B27D0D2CE00B9CEC0 /* Main.storyboard in Resources */,
			);
			runOnlyForDeploymentPostprocessing = 0;
		};
/* End PBXResourcesBuildPhase section */

/* Begin PBXSourcesBuildPhase section */
		F4F1017927D0D2CE00B9CEC0 /* Sources */ = {
			isa = PBXSourcesBuildPhase;
			buildActionMask = 2147483647;
			files = (
				F4F101A627D0D84600B9CEC0 /* Son.m in Sources */,
				F481836327F4041800169014 /* Singleton.m in Sources */,
				F4F101A327D0D4F100B9CEC0 /* Child.m in Sources */,
				F4F1018827D0D2CE00B9CEC0 /* ViewController.m in Sources */,
				F4F1018227D0D2CE00B9CEC0 /* AppDelegate.m in Sources */,
				F4F101A027D0D4C500B9CEC0 /* Person.m in Sources */,
				F4F1019327D0D2D400B9CEC0 /* main.m in Sources */,
				F4F1018527D0D2CE00B9CEC0 /* SceneDelegate.m in Sources */,
			);
			runOnlyForDeploymentPostprocessing = 0;
		};
/* End PBXSourcesBuildPhase section */

/* Begin PBXVariantGroup section */
		F4F1018927D0D2CE00B9CEC0 /* Main.storyboard */ = {
			isa = PBXVariantGroup;
			children = (
				F4F1018A27D0D2CE00B9CEC0 /* Base */,
			);
			name = Main.storyboard;
			sourceTree = "<group>";
		};
		F4F1018E27D0D2D400B9CEC0 /* LaunchScreen.storyboard */ = {
			isa = PBXVariantGroup;
			children = (
				F4F1018F27D0D2D400B9CEC0 /* Base */,
			);
			name = LaunchScreen.storyboard;
			sourceTree = "<group>";
		};
/* End PBXVariantGroup section */

/* Begin XCBuildConfiguration section */
		F4F1019427D0D2D400B9CEC0 /* Debug */ = {
			isa = XCBuildConfiguration;
			buildSettings = {
				ALWAYS_SEARCH_USER_PATHS = NO;
				CLANG_ANALYZER_NONNULL = YES;
				CLANG_ANALYZER_NUMBER_OBJECT_CONVERSION = YES_AGGRESSIVE;
				CLANG_CXX_LANGUAGE_STANDARD = "gnu++17";
				CLANG_CXX_LIBRARY = "libc++";
				CLANG_ENABLE_MODULES = YES;
				CLANG_ENABLE_OBJC_ARC = YES;
				CLANG_ENABLE_OBJC_WEAK = YES;
				CLANG_WARN_BLOCK_CAPTURE_AUTORELEASING = YES;
				CLANG_WARN_BOOL_CONVERSION = YES;
				CLANG_WARN_COMMA = YES;
				CLANG_WARN_CONSTANT_CONVERSION = YES;
				CLANG_WARN_DEPRECATED_OBJC_IMPLEMENTATIONS = YES;
				CLANG_WARN_DIRECT_OBJC_ISA_USAGE = YES_ERROR;
				CLANG_WARN_DOCUMENTATION_COMMENTS = YES;
				CLANG_WARN_EMPTY_BODY = YES;
				CLANG_WARN_ENUM_CONVERSION = YES;
				CLANG_WARN_INFINITE_RECURSION = YES;
				CLANG_WARN_INT_CONVERSION = YES;
				CLANG_WARN_NON_LITERAL_NULL_CONVERSION = YES;
				CLANG_WARN_OBJC_IMPLICIT_RETAIN_SELF = YES;
				CLANG_WARN_OBJC_LITERAL_CONVERSION = YES;
				CLANG_WARN_OBJC_ROOT_CLASS = YES_ERROR;
				CLANG_WARN_QUOTED_INCLUDE_IN_FRAMEWORK_HEADER = YES;
				CLANG_WARN_RANGE_LOOP_ANALYSIS = YES;
				CLANG_WARN_STRICT_PROTOTYPES = YES;
				CLANG_WARN_SUSPICIOUS_MOVE = YES;
				CLANG_WARN_UNGUARDED_AVAILABILITY = YES_AGGRESSIVE;
				CLANG_WARN_UNREACHABLE_CODE = YES;
				CLANG_WARN__DUPLICATE_METHOD_MATCH = YES;
				COPY_PHASE_STRIP = NO;
				DEBUG_INFORMATION_FORMAT = dwarf;
				ENABLE_STRICT_OBJC_MSGSEND = YES;
				ENABLE_TESTABILITY = YES;
				GCC_C_LANGUAGE_STANDARD = gnu11;
				GCC_DYNAMIC_NO_PIC = NO;
				GCC_NO_COMMON_BLOCKS = YES;
				GCC_OPTIMIZATION_LEVEL = 0;
				GCC_PREPROCESSOR_DEFINITIONS = (
					"DEBUG=1",
					"$(inherited)",
				);
				GCC_WARN_64_TO_32_BIT_CONVERSION = YES;
				GCC_WARN_ABOUT_RETURN_TYPE = YES_ERROR;
				GCC_WARN_UNDECLARED_SELECTOR = YES;
				GCC_WARN_UNINITIALIZED_AUTOS = YES_AGGRESSIVE;
				GCC_WARN_UNUSED_FUNCTION = YES;
				GCC_WARN_UNUSED_VARIABLE = YES;
				IPHONEOS_DEPLOYMENT_TARGET = 15.0;
				MTL_ENABLE_DEBUG_INFO = INCLUDE_SOURCE;
				MTL_FAST_MATH = YES;
				ONLY_ACTIVE_ARCH = YES;
				SDKROOT = iphoneos;
			};
			name = Debug;
		};
		F4F1019527D0D2D400B9CEC0 /* Release */ = {
			isa = XCBuildConfiguration;
			buildSettings = {
				ALWAYS_SEARCH_USER_PATHS = NO;
				CLANG_ANALYZER_NONNULL = YES;
				CLANG_ANALYZER_NUMBER_OBJECT_CONVERSION = YES_AGGRESSIVE;
				CLANG_CXX_LANGUAGE_STANDARD = "gnu++17";
				CLANG_CXX_LIBRARY = "libc++";
				CLANG_ENABLE_MODULES = YES;
				CLANG_ENABLE_OBJC_ARC = YES;
				CLANG_ENABLE_OBJC_WEAK = YES;
				CLANG_WARN_BLOCK_CAPTURE_AUTORELEASING = YES;
				CLANG_WARN_BOOL_CONVERSION = YES;
				CLANG_WARN_COMMA = YES;
				CLANG_WARN_CONSTANT_CONVERSION = YES;
				CLANG_WARN_DEPRECATED_OBJC_IMPLEMENTATIONS = YES;
				CLANG_WARN_DIRECT_OBJC_ISA_USAGE = YES_ERROR;
				CLANG_WARN_DOCUMENTATION_COMMENTS = YES;
				CLANG_WARN_EMPTY_BODY = YES;
				CLANG_WARN_ENUM_CONVERSION = YES;
				CLANG_WARN_INFINITE_RECURSION = YES;
				CLANG_WARN_INT_CONVERSION = YES;
				CLANG_WARN_NON_LITERAL_NULL_CONVERSION = YES;
				CLANG_WARN_OBJC_IMPLICIT_RETAIN_SELF = YES;
				CLANG_WARN_OBJC_LITERAL_CONVERSION = YES;
				CLANG_WARN_OBJC_ROOT_CLASS = YES_ERROR;
				CLANG_WARN_QUOTED_INCLUDE_IN_FRAMEWORK_HEADER = YES;
				CLANG_WARN_RANGE_LOOP_ANALYSIS = YES;
				CLANG_WARN_STRICT_PROTOTYPES = YES;
				CLANG_WARN_SUSPICIOUS_MOVE = YES;
				CLANG_WARN_UNGUARDED_AVAILABILITY = YES_AGGRESSIVE;
				CLANG_WARN_UNREACHABLE_CODE = YES;
				CLANG_WARN__DUPLICATE_METHOD_MATCH = YES;
				COPY_PHASE_STRIP = NO;
				DEBUG_INFORMATION_FORMAT = "dwarf-with-dsym";
				ENABLE_NS_ASSERTIONS = NO;
				ENABLE_STRICT_OBJC_MSGSEND = YES;
				GCC_C_LANGUAGE_STANDARD = gnu11;
				GCC_NO_COMMON_BLOCKS = YES;
				GCC_WARN_64_TO_32_BIT_CONVERSION = YES;
				GCC_WARN_ABOUT_RETURN_TYPE = YES_ERROR;
				GCC_WARN_UNDECLARED_SELECTOR = YES;
				GCC_WARN_UNINITIALIZED_AUTOS = YES_AGGRESSIVE;
				GCC_WARN_UNUSED_FUNCTION = YES;
				GCC_WARN_UNUSED_VARIABLE = YES;
				IPHONEOS_DEPLOYMENT_TARGET = 15.0;
				MTL_ENABLE_DEBUG_INFO = NO;
				MTL_FAST_MATH = YES;
				SDKROOT = iphoneos;
				VALIDATE_PRODUCT = YES;
			};
			name = Release;
		};
		F4F1019727D0D2D400B9CEC0 /* Debug */ = {
			isa = XCBuildConfiguration;
			buildSettings = {
				ASSETCATALOG_COMPILER_APPICON_NAME = AppIcon;
				ASSETCATALOG_COMPILER_GLOBAL_ACCENT_COLOR_NAME = AccentColor;
				CODE_SIGN_STYLE = Automatic;
				CURRENT_PROJECT_VERSION = 1;
				DEVELOPMENT_TEAM = RGDS4BT5ZN;
				GENERATE_INFOPLIST_FILE = YES;
				INFOPLIST_FILE = Test/Info.plist;
				INFOPLIST_KEY_UIApplicationSupportsIndirectInputEvents = YES;
				INFOPLIST_KEY_UILaunchStoryboardName = LaunchScreen;
				INFOPLIST_KEY_UIMainStoryboardFile = Main;
				INFOPLIST_KEY_UISupportedInterfaceOrientations_iPad = "UIInterfaceOrientationPortrait UIInterfaceOrientationPortraitUpsideDown UIInterfaceOrientationLandscapeLeft UIInterfaceOrientationLandscapeRight";
				INFOPLIST_KEY_UISupportedInterfaceOrientations_iPhone = "UIInterfaceOrientationPortrait UIInterfaceOrientationLandscapeLeft UIInterfaceOrientationLandscapeRight";
				LD_RUNPATH_SEARCH_PATHS = (
					"$(inherited)",
					"@executable_path/Frameworks",
				);
				MARKETING_VERSION = 1.0;
				PRODUCT_BUNDLE_IDENTIFIER = com.ksher.Test;
				PRODUCT_NAME = "$(TARGET_NAME)";
				SWIFT_EMIT_LOC_STRINGS = YES;
				TARGETED_DEVICE_FAMILY = "1,2";
			};
			name = Debug;
		};
		F4F1019827D0D2D400B9CEC0 /* Release */ = {
			isa = XCBuildConfiguration;
			buildSettings = {
				ASSETCATALOG_COMPILER_APPICON_NAME = AppIcon;
				ASSETCATALOG_COMPILER_GLOBAL_ACCENT_COLOR_NAME = AccentColor;
				CODE_SIGN_STYLE = Automatic;
				CURRENT_PROJECT_VERSION = 1;
				DEVELOPMENT_TEAM = RGDS4BT5ZN;
				GENERATE_INFOPLIST_FILE = YES;
				INFOPLIST_FILE = Test/Info.plist;
				INFOPLIST_KEY_UIApplicationSupportsIndirectInputEvents = YES;
				INFOPLIST_KEY_UILaunchStoryboardName = LaunchScreen;
				INFOPLIST_KEY_UIMainStoryboardFile = Main;
				INFOPLIST_KEY_UISupportedInterfaceOrientations_iPad = "UIInterfaceOrientationPortrait UIInterfaceOrientationPortraitUpsideDown UIInterfaceOrientationLandscapeLeft UIInterfaceOrientationLandscapeRight";
				INFOPLIST_KEY_UISupportedInterfaceOrientations_iPhone = "UIInterfaceOrientationPortrait UIInterfaceOrientationLandscapeLeft UIInterfaceOrientationLandscapeRight";
				LD_RUNPATH_SEARCH_PATHS = (
					"$(inherited)",
					"@executable_path/Frameworks",
				);
				MARKETING_VERSION = 1.0;
				PRODUCT_BUNDLE_IDENTIFIER = com.ksher.Test;
				PRODUCT_NAME = "$(TARGET_NAME)";
				SWIFT_EMIT_LOC_STRINGS = YES;
				TARGETED_DEVICE_FAMILY = "1,2";
			};
			name = Release;
		};
/* End XCBuildConfiguration section */

/* Begin XCConfigurationList section */
		F4F1017827D0D2CE00B9CEC0 /* Build configuration list for PBXProject "Test" */ = {
			isa = XCConfigurationList;
			buildConfigurations = (
				F4F1019427D0D2D400B9CEC0 /* Debug */,
				F4F1019527D0D2D400B9CEC0 /* Release */,
			);
			defaultConfigurationIsVisible = 0;
			defaultConfigurationName = Release;
		};
		F4F1019627D0D2D400B9CEC0 /* Build configuration list for PBXNativeTarget "Test" */ = {
			isa = XCConfigurationList;
			buildConfigurations = (
				F4F1019727D0D2D400B9CEC0 /* Debug */,
				F4F1019827D0D2D400B9CEC0 /* Release */,
			);
			defaultConfigurationIsVisible = 0;
			defaultConfigurationName = Release;
		};
/* End XCConfigurationList section */
	};
	rootObject = F4F1017527D0D2CE00B9CEC0 /* Project object */;
}
